<?xml version="1.0" encoding="utf-8"?>
<Project ToolsVersion="4.0" xmlns="http://schemas.microsoft.com/developer/msbuild/2003">
  <ItemGroup>
    <Filter Include="Source Files">
      <UniqueIdentifier>{4FC737F1-C7A5-4376-A066-2A32D752A2FF}</UniqueIdentifier>
      <Extensions>qml;cpp;c;cc;cxx;def;odl;idl;hpj;bat;asm;asmx</Extensions>
    </Filter>
    <Filter Include="Header Files">
      <UniqueIdentifier>{93995380-89BD-4b04-88EB-625FBE52EBFB}</UniqueIdentifier>
      <Extensions>h;hh;hpp;hxx;hm;inl;inc;xsd</Extensions>
    </Filter>
    <Filter Include="Resource Files">
      <UniqueIdentifier>{67DA6AB6-F800-4c08-8B7A-83BB121AAD01}</UniqueIdentifier>
      <Extensions>qrc;rc;ico;cur;bmp;dlg;rc2;rct;bin;rgs;gif;jpg;jpeg;jpe;resx;tiff;tif;png;wav;mfcribbon-ms</Extensions>
    </Filter>
    <Filter Include="Form Files">
      <UniqueIdentifier>{99349809-55BA-4b9d-BF79-8FDBB0286EB3}</UniqueIdentifier>
      <Extensions>ui</Extensions>
    </Filter>
    <Filter Include="Translation Files">
      <UniqueIdentifier>{639EADAA-A684-42e4-A9AD-28FC9BCB8F7C}</UniqueIdentifier>
      <Extensions>ts</Extensions>
    </Filter>
    <Filter Include="Source Files\LoginRegister">
      <UniqueIdentifier>{d4d13715-1e25-4ce2-ba14-838e1bb44856}</UniqueIdentifier>
    </Filter>
    <Filter Include="Header Files\LoginRegister">
      <UniqueIdentifier>{7ad083d3-2984-4a0a-9786-5a048c1f8ad9}</UniqueIdentifier>
    </Filter>
    <Filter Include="Source Files\Triviador">
      <UniqueIdentifier>{accde377-acd8-4183-80d2-69d51bfb0428}</UniqueIdentifier>
    </Filter>
    <Filter Include="Header Files\Triviador">
      <UniqueIdentifier>{cc5d01d4-b422-49ca-b1a8-270ec9f93606}</UniqueIdentifier>
    </Filter>
    <Filter Include="Resource Files\Database">
      <UniqueIdentifier>{5620a0e7-6a40-45a2-b419-abe10f44822a}</UniqueIdentifier>
    </Filter>
    <Filter Include="Resource Files\Questions in file">
      <UniqueIdentifier>{5c5b215e-191b-43f8-be43-c082edf39731}</UniqueIdentifier>
    </Filter>
    <Filter Include="Source Files\Game">
      <UniqueIdentifier>{4356d9b8-348c-429a-88ce-b94e6ed63b60}</UniqueIdentifier>
    </Filter>
    <Filter Include="Header Files\Game">
      <UniqueIdentifier>{354681b6-91bb-4ec9-a0ab-564d23a545be}</UniqueIdentifier>
    </Filter>
  </ItemGroup>
  <ItemGroup>
    <QtRcc Include="Triviador.qrc">
      <Filter>Resource Files</Filter>
    </QtRcc>
  </ItemGroup>
  <ItemGroup>
    <ClCompile Include="main.cpp">
      <Filter>Source Files</Filter>
    </ClCompile>
    <ClCompile Include="Login.cpp">
      <Filter>Source Files\LoginRegister</Filter>
    </ClCompile>
    <ClCompile Include="LoginRegister.cpp">
      <Filter>Source Files\LoginRegister</Filter>
    </ClCompile>
    <ClCompile Include="Register.cpp">
      <Filter>Source Files\LoginRegister</Filter>
    </ClCompile>
    <ClCompile Include="GameElementsGenerator.cpp">
      <Filter>Source Files\Game</Filter>
    </ClCompile>
    <ClCompile Include="Game.cpp">
      <Filter>Source Files\Game</Filter>
    </ClCompile>
    <ClCompile Include="Duel.cpp">
      <Filter>Source Files\Game</Filter>
    </ClCompile>
    <ClCompile Include="Player.cpp">
      <Filter>Source Files\Game</Filter>
    </ClCompile>
    <ClCompile Include="Map.cpp">
      <Filter>Source Files\Game</Filter>
    </ClCompile>
    <ClCompile Include="Triviador.cpp">
      <Filter>Source Files\Triviador</Filter>
    </ClCompile>
  </ItemGroup>
  <ItemGroup>
    <ClInclude Include="Duel.h">
      <Filter>Header Files\Game</Filter>
    </ClInclude>
    <ClInclude Include="Map.h">
      <Filter>Header Files\Game</Filter>
    </ClInclude>
    <ClInclude Include="Player.h">
      <Filter>Header Files\Game</Filter>
    </ClInclude>
  </ItemGroup>
  <ItemGroup>
    <Text Include="SingleChoiceQuestions.txt">
      <Filter>Resource Files\Questions in file</Filter>
    </Text>
    <Text Include="MultipleChoiceQuestions.txt">
      <Filter>Resource Files\Questions in file</Filter>
    </Text>
  </ItemGroup>
  <ItemGroup>
    <QtUic Include="Login.ui">
      <Filter>Form Files</Filter>
    </QtUic>
    <QtUic Include="Register.ui">
      <Filter>Form Files</Filter>
    </QtUic>
    <QtUic Include="LoginRegister.ui">
      <Filter>Form Files</Filter>
    </QtUic>
    <QtUic Include="Triviador.ui">
      <Filter>Form Files</Filter>
    </QtUic>
    <QtUic Include="Game.ui">
      <Filter>Form Files</Filter>
    </QtUic>
    <QtUic Include="GameElementsGenerator.ui">
      <Filter>Form Files</Filter>
    </QtUic>
  </ItemGroup>
  <ItemGroup>
    <QtMoc Include="Register.h">
      <Filter>Header Files\LoginRegister</Filter>
    </QtMoc>
    <QtMoc Include="Login.h">
      <Filter>Header Files\LoginRegister</Filter>
    </QtMoc>
    <QtMoc Include="LoginRegister.h">
      <Filter>Header Files\LoginRegister</Filter>
    </QtMoc>
    <QtMoc Include="Game.h">
      <Filter>Header Files\Game</Filter>
    </QtMoc>
    <QtMoc Include="GameElementsGenerator.h">
      <Filter>Header Files\Game</Filter>
    </QtMoc>
    <QtMoc Include="Triviador.h">
      <Filter>Header Files\Triviador</Filter>
    </QtMoc>
  </ItemGroup>
  <ItemGroup>
    <None Include="triviador.sqlite">
      <Filter>Resource Files\Database</Filter>
    </None>
    <None Include="packages.config" />
  </ItemGroup>
</Project>